
Microsoft Visual Studio Solution File, Format Version 12.00
# Visual Studio 15
VisualStudioVersion = 15.0.28010.2048
MinimumVisualStudioVersion = 10.0.40219.1
Project("{FAE04EC0-301F-11D3-BF4B-00C04F79EFBC}") = "Application", "Application\Application.csproj", "{B8017975-A3F9-4C3C-BC7B-BE1080BBB4B6}"
EndProject
Project("{FAE04EC0-301F-11D3-BF4B-00C04F79EFBC}") = "Backend", "Backend\Backend.csproj", "{F64F65A9-FA96-487D-8376-D1C6A5ADDFC9}"
EndProject
Global
	GlobalSection(SolutionConfigurationPlatforms) = preSolution
		Debug|Any CPU = Debug|Any CPU
		Release|Any CPU = Release|Any CPU
	EndGlobalSection
	GlobalSection(ProjectConfigurationPlatforms) = postSolution
		{B8017975-A3F9-4C3C-BC7B-BE1080BBB4B6}.Debug|Any CPU.ActiveCfg = Debug|Any CPU
		{B8017975-A3F9-4C3C-BC7B-BE1080BBB4B6}.Debug|Any CPU.Build.0 = Debug|Any CPU
		{B8017975-A3F9-4C3C-BC7B-BE1080BBB4B6}.Release|Any CPU.ActiveCfg = Release|Any CPU
		{B8017975-A3F9-4C3C-BC7B-BE1080BBB4B6}.Release|Any CPU.Build.0 = Release|Any CPU
		{F64F65A9-FA96-487D-8376-D1C6A5ADDFC9}.Debug|Any CPU.ActiveCfg = Debug|Any CPU
		{F64F65A9-FA96-487D-8376-D1C6A5ADDFC9}.Debug|Any CPU.Build.0 = Debug|Any CPU
		{F64F65A9-FA96-487D-8376-D1C6A5ADDFC9}.Release|Any CPU.ActiveCfg = Release|Any CPU
		{F64F65A9-FA96-487D-8376-D1C6A5ADDFC9}.Release|Any CPU.Build.0 = Release|Any CPU
	EndGlobalSection
	GlobalSection(SolutionProperties) = preSolution
		HideSolutionNode = FALSE
	EndGlobalSection
	GlobalSection(ExtensibilityGlobals) = postSolution
		SolutionGuid = {1B15AF26-AC26-45B3-BD69-43C7D4513F74}
	EndGlobalSection
EndGlobal
